// !$*UTF8*$!
{
	archiveVersion = 1;
	classes = {
	};
	objectVersion = 50;
	objects = {

/* Begin PBXBuildFile section */
		E7E60446257A6E5D006BC917 /* AppDelegate.swift in Sources */ = {isa = PBXBuildFile; fileRef = E7E60445257A6E5D006BC917 /* AppDelegate.swift */; };
		E7E60448257A6E5D006BC917 /* SceneDelegate.swift in Sources */ = {isa = PBXBuildFile; fileRef = E7E60447257A6E5D006BC917 /* SceneDelegate.swift */; };
		E7E6044A257A6E5D006BC917 /* ViewController.swift in Sources */ = {isa = PBXBuildFile; fileRef = E7E60449257A6E5D006BC917 /* ViewController.swift */; };
		E7E6044D257A6E5D006BC917 /* Main.storyboard in Resources */ = {isa = PBXBuildFile; fileRef = E7E6044B257A6E5D006BC917 /* Main.storyboard */; };
		E7E6044F257A6E5F006BC917 /* Assets.xcassets in Resources */ = {isa = PBXBuildFile; fileRef = E7E6044E257A6E5F006BC917 /* Assets.xcassets */; };
		E7E60452257A6E5F006BC917 /* LaunchScreen.storyboard in Resources */ = {isa = PBXBuildFile; fileRef = E7E60450257A6E5F006BC917 /* LaunchScreen.storyboard */; };
		E7E6045D257A6E5F006BC917 /* GitHub_RepositoriesTests.swift in Sources */ = {isa = PBXBuildFile; fileRef = E7E6045C257A6E5F006BC917 /* GitHub_RepositoriesTests.swift */; };
		E7E60468257A6E5F006BC917 /* GitHub_RepositoriesUITests.swift in Sources */ = {isa = PBXBuildFile; fileRef = E7E60467257A6E5F006BC917 /* GitHub_RepositoriesUITests.swift */; };
/* End PBXBuildFile section */

/* Begin PBXContainerItemProxy section */
		E7E60459257A6E5F006BC917 /* PBXContainerItemProxy */ = {
			isa = PBXContainerItemProxy;
			containerPortal = E7E6043A257A6E5C006BC917 /* Project object */;
			proxyType = 1;
			remoteGlobalIDString = E7E60441257A6E5D006BC917;
			remoteInfo = "GitHub Repositories";
		};
		E7E60464257A6E5F006BC917 /* PBXContainerItemProxy */ = {
			isa = PBXContainerItemProxy;
			containerPortal = E7E6043A257A6E5C006BC917 /* Project object */;
			proxyType = 1;
			remoteGlobalIDString = E7E60441257A6E5D006BC917;
			remoteInfo = "GitHub Repositories";
		};
/* End PBXContainerItemProxy section */

/* Begin PBXFileReference section */
		E7E60442257A6E5D006BC917 /* GitHub Repositories.app */ = {isa = PBXFileReference; explicitFileType = wrapper.application; includeInIndex = 0; path = "GitHub Repositories.app"; sourceTree = BUILT_PRODUCTS_DIR; };
		E7E60445257A6E5D006BC917 /* AppDelegate.swift */ = {isa = PBXFileReference; lastKnownFileType = sourcecode.swift; path = AppDelegate.swift; sourceTree = "<group>"; };
		E7E60447257A6E5D006BC917 /* SceneDelegate.swift */ = {isa = PBXFileReference; lastKnownFileType = sourcecode.swift; path = SceneDelegate.swift; sourceTree = "<group>"; };
		E7E60449257A6E5D006BC917 /* ViewController.swift */ = {isa = PBXFileReference; lastKnownFileType = sourcecode.swift; path = ViewController.swift; sourceTree = "<group>"; };
		E7E6044C257A6E5D006BC917 /* Base */ = {isa = PBXFileReference; lastKnownFileType = file.storyboard; name = Base; path = Base.lproj/Main.storyboard; sourceTree = "<group>"; };
		E7E6044E257A6E5F006BC917 /* Assets.xcassets */ = {isa = PBXFileReference; lastKnownFileType = folder.assetcatalog; path = Assets.xcassets; sourceTree = "<group>"; };
		E7E60451257A6E5F006BC917 /* Base */ = {isa = PBXFileReference; lastKnownFileType = file.storyboard; name = Base; path = Base.lproj/LaunchScreen.storyboard; sourceTree = "<group>"; };
		E7E60453257A6E5F006BC917 /* Info.plist */ = {isa = PBXFileReference; lastKnownFileType = text.plist.xml; path = Info.plist; sourceTree = "<group>"; };
		E7E60458257A6E5F006BC917 /* GitHub RepositoriesTests.xctest */ = {isa = PBXFileReference; explicitFileType = wrapper.cfbundle; includeInIndex = 0; path = "GitHub RepositoriesTests.xctest"; sourceTree = BUILT_PRODUCTS_DIR; };
		E7E6045C257A6E5F006BC917 /* GitHub_RepositoriesTests.swift */ = {isa = PBXFileReference; lastKnownFileType = sourcecode.swift; path = GitHub_RepositoriesTests.swift; sourceTree = "<group>"; };
		E7E6045E257A6E5F006BC917 /* Info.plist */ = {isa = PBXFileReference; lastKnownFileType = text.plist.xml; path = Info.plist; sourceTree = "<group>"; };
		E7E60463257A6E5F006BC917 /* GitHub RepositoriesUITests.xctest */ = {isa = PBXFileReference; explicitFileType = wrapper.cfbundle; includeInIndex = 0; path = "GitHub RepositoriesUITests.xctest"; sourceTree = BUILT_PRODUCTS_DIR; };
		E7E60467257A6E5F006BC917 /* GitHub_RepositoriesUITests.swift */ = {isa = PBXFileReference; lastKnownFileType = sourcecode.swift; path = GitHub_RepositoriesUITests.swift; sourceTree = "<group>"; };
		E7E60469257A6E5F006BC917 /* Info.plist */ = {isa = PBXFileReference; lastKnownFileType = text.plist.xml; path = Info.plist; sourceTree = "<group>"; };
/* End PBXFileReference section */

/* Begin PBXFrameworksBuildPhase section */
		E7E6043F257A6E5D006BC917 /* Frameworks */ = {
			isa = PBXFrameworksBuildPhase;
			buildActionMask = 2147483647;
			files = (
			);
			runOnlyForDeploymentPostprocessing = 0;
		};
		E7E60455257A6E5F006BC917 /* Frameworks */ = {
			isa = PBXFrameworksBuildPhase;
			buildActionMask = 2147483647;
			files = (
			);
			runOnlyForDeploymentPostprocessing = 0;
		};
		E7E60460257A6E5F006BC917 /* Frameworks */ = {
			isa = PBXFrameworksBuildPhase;
			buildActionMask = 2147483647;
			files = (
			);
			runOnlyForDeploymentPostprocessing = 0;
		};
/* End PBXFrameworksBuildPhase section */

/* Begin PBXGroup section */
		E7E60439257A6E5C006BC917 = {
			isa = PBXGroup;
			children = (
				E7E60444257A6E5D006BC917 /* GitHub Repositories */,
				E7E6045B257A6E5F006BC917 /* GitHub RepositoriesTests */,
				E7E60466257A6E5F006BC917 /* GitHub RepositoriesUITests */,
				E7E60443257A6E5D006BC917 /* Products */,
			);
			sourceTree = "<group>";
		};
		E7E60443257A6E5D006BC917 /* Products */ = {
			isa = PBXGroup;
			children = (
				E7E60442257A6E5D006BC917 /* GitHub Repositories.app */,
				E7E60458257A6E5F006BC917 /* GitHub RepositoriesTests.xctest */,
				E7E60463257A6E5F006BC917 /* GitHub RepositoriesUITests.xctest */,
			);
			name = Products;
			sourceTree = "<group>";
		};
		E7E60444257A6E5D006BC917 /* GitHub Repositories */ = {
			isa = PBXGroup;
			children = (
				E7E60445257A6E5D006BC917 /* AppDelegate.swift */,
				E7E60447257A6E5D006BC917 /* SceneDelegate.swift */,
				E7E60449257A6E5D006BC917 /* ViewController.swift */,
				E7E6044B257A6E5D006BC917 /* Main.storyboard */,
				E7E6044E257A6E5F006BC917 /* Assets.xcassets */,
				E7E60450257A6E5F006BC917 /* LaunchScreen.storyboard */,
				E7E60453257A6E5F006BC917 /* Info.plist */,
			);
			path = "GitHub Repositories";
			sourceTree = "<group>";
		};
		E7E6045B257A6E5F006BC917 /* GitHub RepositoriesTests */ = {
			isa = PBXGroup;
			children = (
				E7E6045C257A6E5F006BC917 /* GitHub_RepositoriesTests.swift */,
				E7E6045E257A6E5F006BC917 /* Info.plist */,
			);
			path = "GitHub RepositoriesTests";
			sourceTree = "<group>";
		};
		E7E60466257A6E5F006BC917 /* GitHub RepositoriesUITests */ = {
			isa = PBXGroup;
			children = (
				E7E60467257A6E5F006BC917 /* GitHub_RepositoriesUITests.swift */,
				E7E60469257A6E5F006BC917 /* Info.plist */,
			);
			path = "GitHub RepositoriesUITests";
			sourceTree = "<group>";
		};
/* End PBXGroup section */

/* Begin PBXNativeTarget section */
		E7E60441257A6E5D006BC917 /* GitHub Repositories */ = {
			isa = PBXNativeTarget;
			buildConfigurationList = E7E6046C257A6E5F006BC917 /* Build configuration list for PBXNativeTarget "GitHub Repositories" */;
			buildPhases = (
				E7E6043E257A6E5D006BC917 /* Sources */,
				E7E6043F257A6E5D006BC917 /* Frameworks */,
				E7E60440257A6E5D006BC917 /* Resources */,
			);
			buildRules = (
			);
			dependencies = (
			);
			name = "GitHub Repositories";
			productName = "GitHub Repositories";
			productReference = E7E60442257A6E5D006BC917 /* GitHub Repositories.app */;
			productType = "com.apple.product-type.application";
		};
		E7E60457257A6E5F006BC917 /* GitHub RepositoriesTests */ = {
			isa = PBXNativeTarget;
			buildConfigurationList = E7E6046F257A6E5F006BC917 /* Build configuration list for PBXNativeTarget "GitHub RepositoriesTests" */;
			buildPhases = (
				E7E60454257A6E5F006BC917 /* Sources */,
				E7E60455257A6E5F006BC917 /* Frameworks */,
				E7E60456257A6E5F006BC917 /* Resources */,
			);
			buildRules = (
			);
			dependencies = (
				E7E6045A257A6E5F006BC917 /* PBXTargetDependency */,
			);
			name = "GitHub RepositoriesTests";
			productName = "GitHub RepositoriesTests";
			productReference = E7E60458257A6E5F006BC917 /* GitHub RepositoriesTests.xctest */;
			productType = "com.apple.product-type.bundle.unit-test";
		};
		E7E60462257A6E5F006BC917 /* GitHub RepositoriesUITests */ = {
			isa = PBXNativeTarget;
			buildConfigurationList = E7E60472257A6E5F006BC917 /* Build configuration list for PBXNativeTarget "GitHub RepositoriesUITests" */;
			buildPhases = (
				E7E6045F257A6E5F006BC917 /* Sources */,
				E7E60460257A6E5F006BC917 /* Frameworks */,
				E7E60461257A6E5F006BC917 /* Resources */,
			);
			buildRules = (
			);
			dependencies = (
				E7E60465257A6E5F006BC917 /* PBXTargetDependency */,
			);
			name = "GitHub RepositoriesUITests";
			productName = "GitHub RepositoriesUITests";
			productReference = E7E60463257A6E5F006BC917 /* GitHub RepositoriesUITests.xctest */;
			productType = "com.apple.product-type.bundle.ui-testing";
		};
/* End PBXNativeTarget section */

/* Begin PBXProject section */
		E7E6043A257A6E5C006BC917 /* Project object */ = {
			isa = PBXProject;
			attributes = {
				LastSwiftUpdateCheck = 1200;
				LastUpgradeCheck = 1200;
				TargetAttributes = {
					E7E60441257A6E5D006BC917 = {
						CreatedOnToolsVersion = 12.0.1;
					};
					E7E60457257A6E5F006BC917 = {
						CreatedOnToolsVersion = 12.0.1;
						TestTargetID = E7E60441257A6E5D006BC917;
					};
					E7E60462257A6E5F006BC917 = {
						CreatedOnToolsVersion = 12.0.1;
						TestTargetID = E7E60441257A6E5D006BC917;
					};
				};
			};
			buildConfigurationList = E7E6043D257A6E5C006BC917 /* Build configuration list for PBXProject "GitHub Repositories" */;
			compatibilityVersion = "Xcode 9.3";
			developmentRegion = en;
			hasScannedForEncodings = 0;
			knownRegions = (
				en,
				Base,
			);
			mainGroup = E7E60439257A6E5C006BC917;
			productRefGroup = E7E60443257A6E5D006BC917 /* Products */;
			projectDirPath = "";
			projectRoot = "";
			targets = (
				E7E60441257A6E5D006BC917 /* GitHub Repositories */,
				E7E60457257A6E5F006BC917 /* GitHub RepositoriesTests */,
				E7E60462257A6E5F006BC917 /* GitHub RepositoriesUITests */,
			);
		};
/* End PBXProject section */

/* Begin PBXResourcesBuildPhase section */
		E7E60440257A6E5D006BC917 /* Resources */ = {
			isa = PBXResourcesBuildPhase;
			buildActionMask = 2147483647;
			files = (
				E7E60452257A6E5F006BC917 /* LaunchScreen.storyboard in Resources */,
				E7E6044F257A6E5F006BC917 /* Assets.xcassets in Resources */,
				E7E6044D257A6E5D006BC917 /* Main.storyboard in Resources */,
			);
			runOnlyForDeploymentPostprocessing = 0;
		};
		E7E60456257A6E5F006BC917 /* Resources */ = {
			isa = PBXResourcesBuildPhase;
			buildActionMask = 2147483647;
			files = (
			);
			runOnlyForDeploymentPostprocessing = 0;
		};
		E7E60461257A6E5F006BC917 /* Resources */ = {
			isa = PBXResourcesBuildPhase;
			buildActionMask = 2147483647;
			files = (
			);
			runOnlyForDeploymentPostprocessing = 0;
		};
/* End PBXResourcesBuildPhase section */

/* Begin PBXSourcesBuildPhase section */
		E7E6043E257A6E5D006BC917 /* Sources */ = {
			isa = PBXSourcesBuildPhase;
			buildActionMask = 2147483647;
			files = (
				E7E6044A257A6E5D006BC917 /* ViewController.swift in Sources */,
				E7E60446257A6E5D006BC917 /* AppDelegate.swift in Sources */,
				E7E60448257A6E5D006BC917 /* SceneDelegate.swift in Sources */,
			);
			runOnlyForDeploymentPostprocessing = 0;
		};
		E7E60454257A6E5F006BC917 /* Sources */ = {
			isa = PBXSourcesBuildPhase;
			buildActionMask = 2147483647;
			files = (
				E7E6045D257A6E5F006BC917 /* GitHub_RepositoriesTests.swift in Sources */,
			);
			runOnlyForDeploymentPostprocessing = 0;
		};
		E7E6045F257A6E5F006BC917 /* Sources */ = {
			isa = PBXSourcesBuildPhase;
			buildActionMask = 2147483647;
			files = (
				E7E60468257A6E5F006BC917 /* GitHub_RepositoriesUITests.swift in Sources */,
			);
			runOnlyForDeploymentPostprocessing = 0;
		};
/* End PBXSourcesBuildPhase section */

/* Begin PBXTargetDependency section */
		E7E6045A257A6E5F006BC917 /* PBXTargetDependency */ = {
			isa = PBXTargetDependency;
			target = E7E60441257A6E5D006BC917 /* GitHub Repositories */;
			targetProxy = E7E60459257A6E5F006BC917 /* PBXContainerItemProxy */;
		};
		E7E60465257A6E5F006BC917 /* PBXTargetDependency */ = {
			isa = PBXTargetDependency;
			target = E7E60441257A6E5D006BC917 /* GitHub Repositories */;
			targetProxy = E7E60464257A6E5F006BC917 /* PBXContainerItemProxy */;
		};
/* End PBXTargetDependency section */

/* Begin PBXVariantGroup section */
		E7E6044B257A6E5D006BC917 /* Main.storyboard */ = {
			isa = PBXVariantGroup;
			children = (
				E7E6044C257A6E5D006BC917 /* Base */,
			);
			name = Main.storyboard;
			sourceTree = "<group>";
		};
		E7E60450257A6E5F006BC917 /* LaunchScreen.storyboard */ = {
			isa = PBXVariantGroup;
			children = (
				E7E60451257A6E5F006BC917 /* Base */,
			);
			name = LaunchScreen.storyboard;
			sourceTree = "<group>";
		};
/* End PBXVariantGroup section */

/* Begin XCBuildConfiguration section */
		E7E6046A257A6E5F006BC917 /* Debug */ = {
			isa = XCBuildConfiguration;
			buildSettings = {
				ALWAYS_SEARCH_USER_PATHS = NO;
				CLANG_ANALYZER_NONNULL = YES;
				CLANG_ANALYZER_NUMBER_OBJECT_CONVERSION = YES_AGGRESSIVE;
				CLANG_CXX_LANGUAGE_STANDARD = "gnu++14";
				CLANG_CXX_LIBRARY = "libc++";
				CLANG_ENABLE_MODULES = YES;
				CLANG_ENABLE_OBJC_ARC = YES;
				CLANG_ENABLE_OBJC_WEAK = YES;
				CLANG_WARN_BLOCK_CAPTURE_AUTORELEASING = YES;
				CLANG_WARN_BOOL_CONVERSION = YES;
				CLANG_WARN_COMMA = YES;
				CLANG_WARN_CONSTANT_CONVERSION = YES;
				CLANG_WARN_DEPRECATED_OBJC_IMPLEMENTATIONS = YES;
				CLANG_WARN_DIRECT_OBJC_ISA_USAGE = YES_ERROR;
				CLANG_WARN_DOCUMENTATION_COMMENTS = YES;
				CLANG_WARN_EMPTY_BODY = YES;
				CLANG_WARN_ENUM_CONVERSION = YES;
				CLANG_WARN_INFINITE_RECURSION = YES;
				CLANG_WARN_INT_CONVERSION = YES;
				CLANG_WARN_NON_LITERAL_NULL_CONVERSION = YES;
				CLANG_WARN_OBJC_IMPLICIT_RETAIN_SELF = YES;
				CLANG_WARN_OBJC_LITERAL_CONVERSION = YES;
				CLANG_WARN_OBJC_ROOT_CLASS = YES_ERROR;
				CLANG_WARN_QUOTED_INCLUDE_IN_FRAMEWORK_HEADER = YES;
				CLANG_WARN_RANGE_LOOP_ANALYSIS = YES;
				CLANG_WARN_STRICT_PROTOTYPES = YES;
				CLANG_WARN_SUSPICIOUS_MOVE = YES;
				CLANG_WARN_UNGUARDED_AVAILABILITY = YES_AGGRESSIVE;
				CLANG_WARN_UNREACHABLE_CODE = YES;
				CLANG_WARN__DUPLICATE_METHOD_MATCH = YES;
				COPY_PHASE_STRIP = NO;
				DEBUG_INFORMATION_FORMAT = dwarf;
				ENABLE_STRICT_OBJC_MSGSEND = YES;
				ENABLE_TESTABILITY = YES;
				GCC_C_LANGUAGE_STANDARD = gnu11;
				GCC_DYNAMIC_NO_PIC = NO;
				GCC_NO_COMMON_BLOCKS = YES;
				GCC_OPTIMIZATION_LEVEL = 0;
				GCC_PREPROCESSOR_DEFINITIONS = (
					"DEBUG=1",
					"$(inherited)",
				);
				GCC_WARN_64_TO_32_BIT_CONVERSION = YES;
				GCC_WARN_ABOUT_RETURN_TYPE = YES_ERROR;
				GCC_WARN_UNDECLARED_SELECTOR = YES;
				GCC_WARN_UNINITIALIZED_AUTOS = YES_AGGRESSIVE;
				GCC_WARN_UNUSED_FUNCTION = YES;
				GCC_WARN_UNUSED_VARIABLE = YES;
				IPHONEOS_DEPLOYMENT_TARGET = 14.0;
				MTL_ENABLE_DEBUG_INFO = INCLUDE_SOURCE;
				MTL_FAST_MATH = YES;
				ONLY_ACTIVE_ARCH = YES;
				SDKROOT = iphoneos;
				SWIFT_ACTIVE_COMPILATION_CONDITIONS = DEBUG;
				SWIFT_OPTIMIZATION_LEVEL = "-Onone";
			};
			name = Debug;
		};
		E7E6046B257A6E5F006BC917 /* Release */ = {
			isa = XCBuildConfiguration;
			buildSettings = {
				ALWAYS_SEARCH_USER_PATHS = NO;
				CLANG_ANALYZER_NONNULL = YES;
				CLANG_ANALYZER_NUMBER_OBJECT_CONVERSION = YES_AGGRESSIVE;
				CLANG_CXX_LANGUAGE_STANDARD = "gnu++14";
				CLANG_CXX_LIBRARY = "libc++";
				CLANG_ENABLE_MODULES = YES;
				CLANG_ENABLE_OBJC_ARC = YES;
				CLANG_ENABLE_OBJC_WEAK = YES;
				CLANG_WARN_BLOCK_CAPTURE_AUTORELEASING = YES;
				CLANG_WARN_BOOL_CONVERSION = YES;
				CLANG_WARN_COMMA = YES;
				CLANG_WARN_CONSTANT_CONVERSION = YES;
				CLANG_WARN_DEPRECATED_OBJC_IMPLEMENTATIONS = YES;
				CLANG_WARN_DIRECT_OBJC_ISA_USAGE = YES_ERROR;
				CLANG_WARN_DOCUMENTATION_COMMENTS = YES;
				CLANG_WARN_EMPTY_BODY = YES;
				CLANG_WARN_ENUM_CONVERSION = YES;
				CLANG_WARN_INFINITE_RECURSION = YES;
				CLANG_WARN_INT_CONVERSION = YES;
				CLANG_WARN_NON_LITERAL_NULL_CONVERSION = YES;
				CLANG_WARN_OBJC_IMPLICIT_RETAIN_SELF = YES;
				CLANG_WARN_OBJC_LITERAL_CONVERSION = YES;
				CLANG_WARN_OBJC_ROOT_CLASS = YES_ERROR;
				CLANG_WARN_QUOTED_INCLUDE_IN_FRAMEWORK_HEADER = YES;
				CLANG_WARN_RANGE_LOOP_ANALYSIS = YES;
				CLANG_WARN_STRICT_PROTOTYPES = YES;
				CLANG_WARN_SUSPICIOUS_MOVE = YES;
				CLANG_WARN_UNGUARDED_AVAILABILITY = YES_AGGRESSIVE;
				CLANG_WARN_UNREACHABLE_CODE = YES;
				CLANG_WARN__DUPLICATE_METHOD_MATCH = YES;
				COPY_PHASE_STRIP = NO;
				DEBUG_INFORMATION_FORMAT = "dwarf-with-dsym";
				ENABLE_NS_ASSERTIONS = NO;
				ENABLE_STRICT_OBJC_MSGSEND = YES;
				GCC_C_LANGUAGE_STANDARD = gnu11;
				GCC_NO_COMMON_BLOCKS = YES;
				GCC_WARN_64_TO_32_BIT_CONVERSION = YES;
				GCC_WARN_ABOUT_RETURN_TYPE = YES_ERROR;
				GCC_WARN_UNDECLARED_SELECTOR = YES;
				GCC_WARN_UNINITIALIZED_AUTOS = YES_AGGRESSIVE;
				GCC_WARN_UNUSED_FUNCTION = YES;
				GCC_WARN_UNUSED_VARIABLE = YES;
				IPHONEOS_DEPLOYMENT_TARGET = 14.0;
				MTL_ENABLE_DEBUG_INFO = NO;
				MTL_FAST_MATH = YES;
				SDKROOT = iphoneos;
				SWIFT_COMPILATION_MODE = wholemodule;
				SWIFT_OPTIMIZATION_LEVEL = "-O";
				VALIDATE_PRODUCT = YES;
			};
			name = Release;
		};
		E7E6046D257A6E5F006BC917 /* Debug */ = {
			isa = XCBuildConfiguration;
			buildSettings = {
				ASSETCATALOG_COMPILER_APPICON_NAME = AppIcon;
				ASSETCATALOG_COMPILER_GLOBAL_ACCENT_COLOR_NAME = AccentColor;
				CODE_SIGN_STYLE = Automatic;
				DEVELOPMENT_TEAM = 9WAE633KC5;
				INFOPLIST_FILE = "GitHub Repositories/Info.plist";
				LD_RUNPATH_SEARCH_PATHS = (
					"$(inherited)",
					"@executable_path/Frameworks",
				);
				PRODUCT_BUNDLE_IDENTIFIER = "com.robusta.GitHubRepositories.GitHub-Repositories";
				PRODUCT_NAME = "$(TARGET_NAME)";
				SWIFT_VERSION = 5.0;
				TARGETED_DEVICE_FAMILY = "1,2";
			};
			name = Debug;
		};
		E7E6046E257A6E5F006BC917 /* Release */ = {
			isa = XCBuildConfiguration;
			buildSettings = {
				ASSETCATALOG_COMPILER_APPICON_NAME = AppIcon;
				ASSETCATALOG_COMPILER_GLOBAL_ACCENT_COLOR_NAME = AccentColor;
				CODE_SIGN_STYLE = Automatic;
				DEVELOPMENT_TEAM = 9WAE633KC5;
				INFOPLIST_FILE = "GitHub Repositories/Info.plist";
				LD_RUNPATH_SEARCH_PATHS = (
					"$(inherited)",
					"@executable_path/Frameworks",
				);
				PRODUCT_BUNDLE_IDENTIFIER = "com.robusta.GitHubRepositories.GitHub-Repositories";
				PRODUCT_NAME = "$(TARGET_NAME)";
				SWIFT_VERSION = 5.0;
				TARGETED_DEVICE_FAMILY = "1,2";
			};
			name = Release;
		};
		E7E60470257A6E5F006BC917 /* Debug */ = {
			isa = XCBuildConfiguration;
			buildSettings = {
				ALWAYS_EMBED_SWIFT_STANDARD_LIBRARIES = YES;
				BUNDLE_LOADER = "$(TEST_HOST)";
				CODE_SIGN_STYLE = Automatic;
				DEVELOPMENT_TEAM = 9WAE633KC5;
				INFOPLIST_FILE = "GitHub RepositoriesTests/Info.plist";
				IPHONEOS_DEPLOYMENT_TARGET = 14.0;
				LD_RUNPATH_SEARCH_PATHS = (
					"$(inherited)",
					"@executable_path/Frameworks",
					"@loader_path/Frameworks",
				);
				PRODUCT_BUNDLE_IDENTIFIER = "com.robusta.GitHubRepositories.GitHub-RepositoriesTests";
				PRODUCT_NAME = "$(TARGET_NAME)";
				SWIFT_VERSION = 5.0;
				TARGETED_DEVICE_FAMILY = "1,2";
				TEST_HOST = "$(BUILT_PRODUCTS_DIR)/GitHub Repositories.app/GitHub Repositories";
			};
			name = Debug;
		};
		E7E60471257A6E5F006BC917 /* Release */ = {
			isa = XCBuildConfiguration;
			buildSettings = {
				ALWAYS_EMBED_SWIFT_STANDARD_LIBRARIES = YES;
				BUNDLE_LOADER = "$(TEST_HOST)";
				CODE_SIGN_STYLE = Automatic;
				DEVELOPMENT_TEAM = 9WAE633KC5;
				INFOPLIST_FILE = "GitHub RepositoriesTests/Info.plist";
				IPHONEOS_DEPLOYMENT_TARGET = 14.0;
				LD_RUNPATH_SEARCH_PATHS = (
					"$(inherited)",
					"@executable_path/Frameworks",
					"@loader_path/Frameworks",
				);
				PRODUCT_BUNDLE_IDENTIFIER = "com.robusta.GitHubRepositories.GitHub-RepositoriesTests";
				PRODUCT_NAME = "$(TARGET_NAME)";
				SWIFT_VERSION = 5.0;
				TARGETED_DEVICE_FAMILY = "1,2";
				TEST_HOST = "$(BUILT_PRODUCTS_DIR)/GitHub Repositories.app/GitHub Repositories";
			};
			name = Release;
		};
		E7E60473257A6E5F006BC917 /* Debug */ = {
			isa = XCBuildConfiguration;
			buildSettings = {
				ALWAYS_EMBED_SWIFT_STANDARD_LIBRARIES = YES;
				CODE_SIGN_STYLE = Automatic;
				DEVELOPMENT_TEAM = 9WAE633KC5;
				INFOPLIST_FILE = "GitHub RepositoriesUITests/Info.plist";
				LD_RUNPATH_SEARCH_PATHS = (
					"$(inherited)",
					"@executable_path/Frameworks",
					"@loader_path/Frameworks",
				);
				PRODUCT_BUNDLE_IDENTIFIER = "com.robusta.GitHubRepositories.GitHub-RepositoriesUITests";
				PRODUCT_NAME = "$(TARGET_NAME)";
				SWIFT_VERSION = 5.0;
				TARGETED_DEVICE_FAMILY = "1,2";
				TEST_TARGET_NAME = "GitHub Repositories";
			};
			name = Debug;
		};
		E7E60474257A6E5F006BC917 /* Release */ = {
			isa = XCBuildConfiguration;
			buildSettings = {
				ALWAYS_EMBED_SWIFT_STANDARD_LIBRARIES = YES;
				CODE_SIGN_STYLE = Automatic;
				DEVELOPMENT_TEAM = 9WAE633KC5;
				INFOPLIST_FILE = "GitHub RepositoriesUITests/Info.plist";
				LD_RUNPATH_SEARCH_PATHS = (
					"$(inherited)",
					"@executable_path/Frameworks",
					"@loader_path/Frameworks",
				);
				PRODUCT_BUNDLE_IDENTIFIER = "com.robusta.GitHubRepositories.GitHub-RepositoriesUITests";
				PRODUCT_NAME = "$(TARGET_NAME)";
				SWIFT_VERSION = 5.0;
				TARGETED_DEVICE_FAMILY = "1,2";
				TEST_TARGET_NAME = "GitHub Repositories";
			};
			name = Release;
		};
/* End XCBuildConfiguration section */

/* Begin XCConfigurationList section */
		E7E6043D257A6E5C006BC917 /* Build configuration list for PBXProject "GitHub Repositories" */ = {
			isa = XCConfigurationList;
			buildConfigurations = (
				E7E6046A257A6E5F006BC917 /* Debug */,
				E7E6046B257A6E5F006BC917 /* Release */,
			);
			defaultConfigurationIsVisible = 0;
			defaultConfigurationName = Release;
		};
		E7E6046C257A6E5F006BC917 /* Build configuration list for PBXNativeTarget "GitHub Repositories" */ = {
			isa = XCConfigurationList;
			buildConfigurations = (
				E7E6046D257A6E5F006BC917 /* Debug */,
				E7E6046E257A6E5F006BC917 /* Release */,
			);
			defaultConfigurationIsVisible = 0;
			defaultConfigurationName = Release;
		};
		E7E6046F257A6E5F006BC917 /* Build configuration list for PBXNativeTarget "GitHub RepositoriesTests" */ = {
			isa = XCConfigurationList;
			buildConfigurations = (
				E7E60470257A6E5F006BC917 /* Debug */,
				E7E60471257A6E5F006BC917 /* Release */,
			);
			defaultConfigurationIsVisible = 0;
			defaultConfigurationName = Release;
		};
		E7E60472257A6E5F006BC917 /* Build configuration list for PBXNativeTarget "GitHub RepositoriesUITests" */ = {
			isa = XCConfigurationList;
			buildConfigurations = (
				E7E60473257A6E5F006BC917 /* Debug */,
				E7E60474257A6E5F006BC917 /* Release */,
			);
			defaultConfigurationIsVisible = 0;
			defaultConfigurationName = Release;
		};
/* End XCConfigurationList section */
	};
	rootObject = E7E6043A257A6E5C006BC917 /* Project object */;
}
